
Microsoft Visual Studio Solution File, Format Version 12.00
# Visual Studio 14
VisualStudioVersion = 14.0.25420.1
MinimumVisualStudioVersion = 10.0.40219.1
Project("{FAE04EC0-301F-11D3-BF4B-00C04F79EFBC}") = "Compiler", "Compiler\Compiler.csproj", "{91CF2C36-D2DF-431B-A208-91190CE51C6F}"
EndProject
Project("{FAE04EC0-301F-11D3-BF4B-00C04F79EFBC}") = "Coco-R", "Coco-R\Coco-R.csproj", "{9551C306-9132-4C09-8A8B-49D10EA8A4BB}"
EndProject
Project("{FAE04EC0-301F-11D3-BF4B-00C04F79EFBC}") = "CommandPrinter", "CommandPrinter\CommandPrinter.csproj", "{E77FFCC5-070E-44E1-85C1-56827587404E}"
EndProject
Global
	GlobalSection(SolutionConfigurationPlatforms) = preSolution
		Debug|Any CPU = Debug|Any CPU
		Release|Any CPU = Release|Any CPU
	EndGlobalSection
	GlobalSection(ProjectConfigurationPlatforms) = postSolution
		{91CF2C36-D2DF-431B-A208-91190CE51C6F}.Debug|Any CPU.ActiveCfg = Debug|Any CPU
		{91CF2C36-D2DF-431B-A208-91190CE51C6F}.Debug|Any CPU.Build.0 = Debug|Any CPU
		{91CF2C36-D2DF-431B-A208-91190CE51C6F}.Release|Any CPU.ActiveCfg = Release|Any CPU
		{91CF2C36-D2DF-431B-A208-91190CE51C6F}.Release|Any CPU.Build.0 = Release|Any CPU
		{9551C306-9132-4C09-8A8B-49D10EA8A4BB}.Debug|Any CPU.ActiveCfg = Debug|Any CPU
		{9551C306-9132-4C09-8A8B-49D10EA8A4BB}.Debug|Any CPU.Build.0 = Debug|Any CPU
		{9551C306-9132-4C09-8A8B-49D10EA8A4BB}.Release|Any CPU.ActiveCfg = Release|Any CPU
		{9551C306-9132-4C09-8A8B-49D10EA8A4BB}.Release|Any CPU.Build.0 = Release|Any CPU
		{E77FFCC5-070E-44E1-85C1-56827587404E}.Debug|Any CPU.ActiveCfg = Debug|Any CPU
		{E77FFCC5-070E-44E1-85C1-56827587404E}.Debug|Any CPU.Build.0 = Debug|Any CPU
		{E77FFCC5-070E-44E1-85C1-56827587404E}.Release|Any CPU.ActiveCfg = Release|Any CPU
		{E77FFCC5-070E-44E1-85C1-56827587404E}.Release|Any CPU.Build.0 = Release|Any CPU
	EndGlobalSection
	GlobalSection(SolutionProperties) = preSolution
		HideSolutionNode = FALSE
	EndGlobalSection
EndGlobal
